// !$*UTF8*$!
{
	archiveVersion = 1;
	classes = {
	};
	objectVersion = 48;
	objects = {

/* Begin PBXBuildFile section */
		020CC7DA207BB3B20021708F /* AppDelegate.swift in Sources */ = {isa = PBXBuildFile; fileRef = 020CC7D9207BB3B20021708F /* AppDelegate.swift */; };
		020CC7DC207BB3B20021708F /* ViewController.swift in Sources */ = {isa = PBXBuildFile; fileRef = 020CC7DB207BB3B20021708F /* ViewController.swift */; };
		020CC7DF207BB3B20021708F /* Main.storyboard in Resources */ = {isa = PBXBuildFile; fileRef = 020CC7DD207BB3B20021708F /* Main.storyboard */; };
		020CC7E1207BB3B20021708F /* Assets.xcassets in Resources */ = {isa = PBXBuildFile; fileRef = 020CC7E0207BB3B20021708F /* Assets.xcassets */; };
		020CC7E4207BB3B20021708F /* LaunchScreen.storyboard in Resources */ = {isa = PBXBuildFile; fileRef = 020CC7E2207BB3B20021708F /* LaunchScreen.storyboard */; };
		020CC7EF207BB3B30021708F /* MultTests.swift in Sources */ = {isa = PBXBuildFile; fileRef = 020CC7EE207BB3B30021708F /* MultTests.swift */; };
		020CC7FA207BB3B30021708F /* MultUITests.swift in Sources */ = {isa = PBXBuildFile; fileRef = 020CC7F9207BB3B30021708F /* MultUITests.swift */; };
		020CC808207BB3F70021708F /* SwitchViewController.swift in Sources */ = {isa = PBXBuildFile; fileRef = 020CC807207BB3F70021708F /* SwitchViewController.swift */; };
		020CC80A207BB4030021708F /* SliderViewController.swift in Sources */ = {isa = PBXBuildFile; fileRef = 020CC809207BB4030021708F /* SliderViewController.swift */; };
		0283D9C9207D60C100666D87 /* PIckerViewController.swift in Sources */ = {isa = PBXBuildFile; fileRef = 0283D9C8207D60C100666D87 /* PIckerViewController.swift */; };
/* End PBXBuildFile section */

/* Begin PBXContainerItemProxy section */
		020CC7EB207BB3B30021708F /* PBXContainerItemProxy */ = {
			isa = PBXContainerItemProxy;
			containerPortal = 020CC7CE207BB3B20021708F /* Project object */;
			proxyType = 1;
			remoteGlobalIDString = 020CC7D5207BB3B20021708F;
			remoteInfo = Mult;
		};
		020CC7F6207BB3B30021708F /* PBXContainerItemProxy */ = {
			isa = PBXContainerItemProxy;
			containerPortal = 020CC7CE207BB3B20021708F /* Project object */;
			proxyType = 1;
			remoteGlobalIDString = 020CC7D5207BB3B20021708F;
			remoteInfo = Mult;
		};
/* End PBXContainerItemProxy section */

/* Begin PBXFileReference section */
		020CC7D6207BB3B20021708F /* Mult.app */ = {isa = PBXFileReference; explicitFileType = wrapper.application; includeInIndex = 0; path = Mult.app; sourceTree = BUILT_PRODUCTS_DIR; };
		020CC7D9207BB3B20021708F /* AppDelegate.swift */ = {isa = PBXFileReference; lastKnownFileType = sourcecode.swift; path = AppDelegate.swift; sourceTree = "<group>"; };
		020CC7DB207BB3B20021708F /* ViewController.swift */ = {isa = PBXFileReference; lastKnownFileType = sourcecode.swift; path = ViewController.swift; sourceTree = "<group>"; };
		020CC7DE207BB3B20021708F /* Base */ = {isa = PBXFileReference; lastKnownFileType = file.storyboard; name = Base; path = Base.lproj/Main.storyboard; sourceTree = "<group>"; };
		020CC7E0207BB3B20021708F /* Assets.xcassets */ = {isa = PBXFileReference; lastKnownFileType = folder.assetcatalog; path = Assets.xcassets; sourceTree = "<group>"; };
		020CC7E3207BB3B20021708F /* Base */ = {isa = PBXFileReference; lastKnownFileType = file.storyboard; name = Base; path = Base.lproj/LaunchScreen.storyboard; sourceTree = "<group>"; };
		020CC7E5207BB3B20021708F /* Info.plist */ = {isa = PBXFileReference; lastKnownFileType = text.plist.xml; path = Info.plist; sourceTree = "<group>"; };
		020CC7EA207BB3B30021708F /* MultTests.xctest */ = {isa = PBXFileReference; explicitFileType = wrapper.cfbundle; includeInIndex = 0; path = MultTests.xctest; sourceTree = BUILT_PRODUCTS_DIR; };
		020CC7EE207BB3B30021708F /* MultTests.swift */ = {isa = PBXFileReference; lastKnownFileType = sourcecode.swift; path = MultTests.swift; sourceTree = "<group>"; };
		020CC7F0207BB3B30021708F /* Info.plist */ = {isa = PBXFileReference; lastKnownFileType = text.plist.xml; path = Info.plist; sourceTree = "<group>"; };
		020CC7F5207BB3B30021708F /* MultUITests.xctest */ = {isa = PBXFileReference; explicitFileType = wrapper.cfbundle; includeInIndex = 0; path = MultUITests.xctest; sourceTree = BUILT_PRODUCTS_DIR; };
		020CC7F9207BB3B30021708F /* MultUITests.swift */ = {isa = PBXFileReference; lastKnownFileType = sourcecode.swift; path = MultUITests.swift; sourceTree = "<group>"; };
		020CC7FB207BB3B30021708F /* Info.plist */ = {isa = PBXFileReference; lastKnownFileType = text.plist.xml; path = Info.plist; sourceTree = "<group>"; };
		020CC807207BB3F70021708F /* SwitchViewController.swift */ = {isa = PBXFileReference; lastKnownFileType = sourcecode.swift; path = SwitchViewController.swift; sourceTree = "<group>"; };
		020CC809207BB4030021708F /* SliderViewController.swift */ = {isa = PBXFileReference; lastKnownFileType = sourcecode.swift; path = SliderViewController.swift; sourceTree = "<group>"; };
		0283D9C8207D60C100666D87 /* PIckerViewController.swift */ = {isa = PBXFileReference; lastKnownFileType = sourcecode.swift; path = PIckerViewController.swift; sourceTree = "<group>"; };
/* End PBXFileReference section */

/* Begin PBXFrameworksBuildPhase section */
		020CC7D3207BB3B20021708F /* Frameworks */ = {
			isa = PBXFrameworksBuildPhase;
			buildActionMask = 2147483647;
			files = (
			);
			runOnlyForDeploymentPostprocessing = 0;
		};
		020CC7E7207BB3B30021708F /* Frameworks */ = {
			isa = PBXFrameworksBuildPhase;
			buildActionMask = 2147483647;
			files = (
			);
			runOnlyForDeploymentPostprocessing = 0;
		};
		020CC7F2207BB3B30021708F /* Frameworks */ = {
			isa = PBXFrameworksBuildPhase;
			buildActionMask = 2147483647;
			files = (
			);
			runOnlyForDeploymentPostprocessing = 0;
		};
/* End PBXFrameworksBuildPhase section */

/* Begin PBXGroup section */
		020CC7CD207BB3B20021708F = {
			isa = PBXGroup;
			children = (
				020CC7D8207BB3B20021708F /* Mult */,
				020CC7ED207BB3B30021708F /* MultTests */,
				020CC7F8207BB3B30021708F /* MultUITests */,
				020CC7D7207BB3B20021708F /* Products */,
			);
			sourceTree = "<group>";
		};
		020CC7D7207BB3B20021708F /* Products */ = {
			isa = PBXGroup;
			children = (
				020CC7D6207BB3B20021708F /* Mult.app */,
				020CC7EA207BB3B30021708F /* MultTests.xctest */,
				020CC7F5207BB3B30021708F /* MultUITests.xctest */,
			);
			name = Products;
			sourceTree = "<group>";
		};
		020CC7D8207BB3B20021708F /* Mult */ = {
			isa = PBXGroup;
			children = (
				020CC7D9207BB3B20021708F /* AppDelegate.swift */,
				020CC7DB207BB3B20021708F /* ViewController.swift */,
				020CC7DD207BB3B20021708F /* Main.storyboard */,
				0283D9C8207D60C100666D87 /* PIckerViewController.swift */,
				020CC807207BB3F70021708F /* SwitchViewController.swift */,
				020CC809207BB4030021708F /* SliderViewController.swift */,
				020CC7E0207BB3B20021708F /* Assets.xcassets */,
				020CC7E2207BB3B20021708F /* LaunchScreen.storyboard */,
				020CC7E5207BB3B20021708F /* Info.plist */,
			);
			path = Mult;
			sourceTree = "<group>";
		};
		020CC7ED207BB3B30021708F /* MultTests */ = {
			isa = PBXGroup;
			children = (
				020CC7EE207BB3B30021708F /* MultTests.swift */,
				020CC7F0207BB3B30021708F /* Info.plist */,
			);
			path = MultTests;
			sourceTree = "<group>";
		};
		020CC7F8207BB3B30021708F /* MultUITests */ = {
			isa = PBXGroup;
			children = (
				020CC7F9207BB3B30021708F /* MultUITests.swift */,
				020CC7FB207BB3B30021708F /* Info.plist */,
			);
			path = MultUITests;
			sourceTree = "<group>";
		};
/* End PBXGroup section */

/* Begin PBXNativeTarget section */
		020CC7D5207BB3B20021708F /* Mult */ = {
			isa = PBXNativeTarget;
			buildConfigurationList = 020CC7FE207BB3B30021708F /* Build configuration list for PBXNativeTarget "Mult" */;
			buildPhases = (
				020CC7D2207BB3B20021708F /* Sources */,
				020CC7D3207BB3B20021708F /* Frameworks */,
				020CC7D4207BB3B20021708F /* Resources */,
			);
			buildRules = (
			);
			dependencies = (
			);
			name = Mult;
			productName = Mult;
			productReference = 020CC7D6207BB3B20021708F /* Mult.app */;
			productType = "com.apple.product-type.application";
		};
		020CC7E9207BB3B30021708F /* MultTests */ = {
			isa = PBXNativeTarget;
			buildConfigurationList = 020CC801207BB3B30021708F /* Build configuration list for PBXNativeTarget "MultTests" */;
			buildPhases = (
				020CC7E6207BB3B30021708F /* Sources */,
				020CC7E7207BB3B30021708F /* Frameworks */,
				020CC7E8207BB3B30021708F /* Resources */,
			);
			buildRules = (
			);
			dependencies = (
				020CC7EC207BB3B30021708F /* PBXTargetDependency */,
			);
			name = MultTests;
			productName = MultTests;
			productReference = 020CC7EA207BB3B30021708F /* MultTests.xctest */;
			productType = "com.apple.product-type.bundle.unit-test";
		};
		020CC7F4207BB3B30021708F /* MultUITests */ = {
			isa = PBXNativeTarget;
			buildConfigurationList = 020CC804207BB3B30021708F /* Build configuration list for PBXNativeTarget "MultUITests" */;
			buildPhases = (
				020CC7F1207BB3B30021708F /* Sources */,
				020CC7F2207BB3B30021708F /* Frameworks */,
				020CC7F3207BB3B30021708F /* Resources */,
			);
			buildRules = (
			);
			dependencies = (
				020CC7F7207BB3B30021708F /* PBXTargetDependency */,
			);
			name = MultUITests;
			productName = MultUITests;
			productReference = 020CC7F5207BB3B30021708F /* MultUITests.xctest */;
			productType = "com.apple.product-type.bundle.ui-testing";
		};
/* End PBXNativeTarget section */

/* Begin PBXProject section */
		020CC7CE207BB3B20021708F /* Project object */ = {
			isa = PBXProject;
			attributes = {
				LastSwiftUpdateCheck = 0920;
				LastUpgradeCheck = 0920;
				ORGANIZATIONNAME = "Cindy Royal";
				TargetAttributes = {
					020CC7D5207BB3B20021708F = {
						CreatedOnToolsVersion = 9.2;
						ProvisioningStyle = Automatic;
					};
					020CC7E9207BB3B30021708F = {
						CreatedOnToolsVersion = 9.2;
						ProvisioningStyle = Automatic;
						TestTargetID = 020CC7D5207BB3B20021708F;
					};
					020CC7F4207BB3B30021708F = {
						CreatedOnToolsVersion = 9.2;
						ProvisioningStyle = Automatic;
						TestTargetID = 020CC7D5207BB3B20021708F;
					};
				};
			};
			buildConfigurationList = 020CC7D1207BB3B20021708F /* Build configuration list for PBXProject "Mult" */;
			compatibilityVersion = "Xcode 8.0";
			developmentRegion = en;
			hasScannedForEncodings = 0;
			knownRegions = (
				en,
				Base,
			);
			mainGroup = 020CC7CD207BB3B20021708F;
			productRefGroup = 020CC7D7207BB3B20021708F /* Products */;
			projectDirPath = "";
			projectRoot = "";
			targets = (
				020CC7D5207BB3B20021708F /* Mult */,
				020CC7E9207BB3B30021708F /* MultTests */,
				020CC7F4207BB3B30021708F /* MultUITests */,
			);
		};
/* End PBXProject section */

/* Begin PBXResourcesBuildPhase section */
		020CC7D4207BB3B20021708F /* Resources */ = {
			isa = PBXResourcesBuildPhase;
			buildActionMask = 2147483647;
			files = (
				020CC7E4207BB3B20021708F /* LaunchScreen.storyboard in Resources */,
				020CC7E1207BB3B20021708F /* Assets.xcassets in Resources */,
				020CC7DF207BB3B20021708F /* Main.storyboard in Resources */,
			);
			runOnlyForDeploymentPostprocessing = 0;
		};
		020CC7E8207BB3B30021708F /* Resources */ = {
			isa = PBXResourcesBuildPhase;
			buildActionMask = 2147483647;
			files = (
			);
			runOnlyForDeploymentPostprocessing = 0;
		};
		020CC7F3207BB3B30021708F /* Resources */ = {
			isa = PBXResourcesBuildPhase;
			buildActionMask = 2147483647;
			files = (
			);
			runOnlyForDeploymentPostprocessing = 0;
		};
/* End PBXResourcesBuildPhase section */

/* Begin PBXSourcesBuildPhase section */
		020CC7D2207BB3B20021708F /* Sources */ = {
			isa = PBXSourcesBuildPhase;
			buildActionMask = 2147483647;
			files = (
				020CC808207BB3F70021708F /* SwitchViewController.swift in Sources */,
				020CC7DC207BB3B20021708F /* ViewController.swift in Sources */,
				0283D9C9207D60C100666D87 /* PIckerViewController.swift in Sources */,
				020CC7DA207BB3B20021708F /* AppDelegate.swift in Sources */,
				020CC80A207BB4030021708F /* SliderViewController.swift in Sources */,
			);
			runOnlyForDeploymentPostprocessing = 0;
		};
		020CC7E6207BB3B30021708F /* Sources */ = {
			isa = PBXSourcesBuildPhase;
			buildActionMask = 2147483647;
			files = (
				020CC7EF207BB3B30021708F /* MultTests.swift in Sources */,
			);
			runOnlyForDeploymentPostprocessing = 0;
		};
		020CC7F1207BB3B30021708F /* Sources */ = {
			isa = PBXSourcesBuildPhase;
			buildActionMask = 2147483647;
			files = (
				020CC7FA207BB3B30021708F /* MultUITests.swift in Sources */,
			);
			runOnlyForDeploymentPostprocessing = 0;
		};
/* End PBXSourcesBuildPhase section */

/* Begin PBXTargetDependency section */
		020CC7EC207BB3B30021708F /* PBXTargetDependency */ = {
			isa = PBXTargetDependency;
			target = 020CC7D5207BB3B20021708F /* Mult */;
			targetProxy = 020CC7EB207BB3B30021708F /* PBXContainerItemProxy */;
		};
		020CC7F7207BB3B30021708F /* PBXTargetDependency */ = {
			isa = PBXTargetDependency;
			target = 020CC7D5207BB3B20021708F /* Mult */;
			targetProxy = 020CC7F6207BB3B30021708F /* PBXContainerItemProxy */;
		};
/* End PBXTargetDependency section */

/* Begin PBXVariantGroup section */
		020CC7DD207BB3B20021708F /* Main.storyboard */ = {
			isa = PBXVariantGroup;
			children = (
				020CC7DE207BB3B20021708F /* Base */,
			);
			name = Main.storyboard;
			sourceTree = "<group>";
		};
		020CC7E2207BB3B20021708F /* LaunchScreen.storyboard */ = {
			isa = PBXVariantGroup;
			children = (
				020CC7E3207BB3B20021708F /* Base */,
			);
			name = LaunchScreen.storyboard;
			sourceTree = "<group>";
		};
/* End PBXVariantGroup section */

/* Begin XCBuildConfiguration section */
		020CC7FC207BB3B30021708F /* Debug */ = {
			isa = XCBuildConfiguration;
			buildSettings = {
				ALWAYS_SEARCH_USER_PATHS = NO;
				CLANG_ANALYZER_NONNULL = YES;
				CLANG_ANALYZER_NUMBER_OBJECT_CONVERSION = YES_AGGRESSIVE;
				CLANG_CXX_LANGUAGE_STANDARD = "gnu++14";
				CLANG_CXX_LIBRARY = "libc++";
				CLANG_ENABLE_MODULES = YES;
				CLANG_ENABLE_OBJC_ARC = YES;
				CLANG_WARN_BLOCK_CAPTURE_AUTORELEASING = YES;
				CLANG_WARN_BOOL_CONVERSION = YES;
				CLANG_WARN_COMMA = YES;
				CLANG_WARN_CONSTANT_CONVERSION = YES;
				CLANG_WARN_DIRECT_OBJC_ISA_USAGE = YES_ERROR;
				CLANG_WARN_DOCUMENTATION_COMMENTS = YES;
				CLANG_WARN_EMPTY_BODY = YES;
				CLANG_WARN_ENUM_CONVERSION = YES;
				CLANG_WARN_INFINITE_RECURSION = YES;
				CLANG_WARN_INT_CONVERSION = YES;
				CLANG_WARN_NON_LITERAL_NULL_CONVERSION = YES;
				CLANG_WARN_OBJC_LITERAL_CONVERSION = YES;
				CLANG_WARN_OBJC_ROOT_CLASS = YES_ERROR;
				CLANG_WARN_RANGE_LOOP_ANALYSIS = YES;
				CLANG_WARN_STRICT_PROTOTYPES = YES;
				CLANG_WARN_SUSPICIOUS_MOVE = YES;
				CLANG_WARN_UNGUARDED_AVAILABILITY = YES_AGGRESSIVE;
				CLANG_WARN_UNREACHABLE_CODE = YES;
				CLANG_WARN__DUPLICATE_METHOD_MATCH = YES;
				CODE_SIGN_IDENTITY = "iPhone Developer";
				COPY_PHASE_STRIP = NO;
				DEBUG_INFORMATION_FORMAT = dwarf;
				ENABLE_STRICT_OBJC_MSGSEND = YES;
				ENABLE_TESTABILITY = YES;
				GCC_C_LANGUAGE_STANDARD = gnu11;
				GCC_DYNAMIC_NO_PIC = NO;
				GCC_NO_COMMON_BLOCKS = YES;
				GCC_OPTIMIZATION_LEVEL = 0;
				GCC_PREPROCESSOR_DEFINITIONS = (
					"DEBUG=1",
					"$(inherited)",
				);
				GCC_WARN_64_TO_32_BIT_CONVERSION = YES;
				GCC_WARN_ABOUT_RETURN_TYPE = YES_ERROR;
				GCC_WARN_UNDECLARED_SELECTOR = YES;
				GCC_WARN_UNINITIALIZED_AUTOS = YES_AGGRESSIVE;
				GCC_WARN_UNUSED_FUNCTION = YES;
				GCC_WARN_UNUSED_VARIABLE = YES;
				IPHONEOS_DEPLOYMENT_TARGET = 11.2;
				MTL_ENABLE_DEBUG_INFO = YES;
				ONLY_ACTIVE_ARCH = YES;
				SDKROOT = iphoneos;
				SWIFT_ACTIVE_COMPILATION_CONDITIONS = DEBUG;
				SWIFT_OPTIMIZATION_LEVEL = "-Onone";
			};
			name = Debug;
		};
		020CC7FD207BB3B30021708F /* Release */ = {
			isa = XCBuildConfiguration;
			buildSettings = {
				ALWAYS_SEARCH_USER_PATHS = NO;
				CLANG_ANALYZER_NONNULL = YES;
				CLANG_ANALYZER_NUMBER_OBJECT_CONVERSION = YES_AGGRESSIVE;
				CLANG_CXX_LANGUAGE_STANDARD = "gnu++14";
				CLANG_CXX_LIBRARY = "libc++";
				CLANG_ENABLE_MODULES = YES;
				CLANG_ENABLE_OBJC_ARC = YES;
				CLANG_WARN_BLOCK_CAPTURE_AUTORELEASING = YES;
				CLANG_WARN_BOOL_CONVERSION = YES;
				CLANG_WARN_COMMA = YES;
				CLANG_WARN_CONSTANT_CONVERSION = YES;
				CLANG_WARN_DIRECT_OBJC_ISA_USAGE = YES_ERROR;
				CLANG_WARN_DOCUMENTATION_COMMENTS = YES;
				CLANG_WARN_EMPTY_BODY = YES;
				CLANG_WARN_ENUM_CONVERSION = YES;
				CLANG_WARN_INFINITE_RECURSION = YES;
				CLANG_WARN_INT_CONVERSION = YES;
				CLANG_WARN_NON_LITERAL_NULL_CONVERSION = YES;
				CLANG_WARN_OBJC_LITERAL_CONVERSION = YES;
				CLANG_WARN_OBJC_ROOT_CLASS = YES_ERROR;
				CLANG_WARN_RANGE_LOOP_ANALYSIS = YES;
				CLANG_WARN_STRICT_PROTOTYPES = YES;
				CLANG_WARN_SUSPICIOUS_MOVE = YES;
				CLANG_WARN_UNGUARDED_AVAILABILITY = YES_AGGRESSIVE;
				CLANG_WARN_UNREACHABLE_CODE = YES;
				CLANG_WARN__DUPLICATE_METHOD_MATCH = YES;
				CODE_SIGN_IDENTITY = "iPhone Developer";
				COPY_PHASE_STRIP = NO;
				DEBUG_INFORMATION_FORMAT = "dwarf-with-dsym";
				ENABLE_NS_ASSERTIONS = NO;
				ENABLE_STRICT_OBJC_MSGSEND = YES;
				GCC_C_LANGUAGE_STANDARD = gnu11;
				GCC_NO_COMMON_BLOCKS = YES;
				GCC_WARN_64_TO_32_BIT_CONVERSION = YES;
				GCC_WARN_ABOUT_RETURN_TYPE = YES_ERROR;
				GCC_WARN_UNDECLARED_SELECTOR = YES;
				GCC_WARN_UNINITIALIZED_AUTOS = YES_AGGRESSIVE;
				GCC_WARN_UNUSED_FUNCTION = YES;
				GCC_WARN_UNUSED_VARIABLE = YES;
				IPHONEOS_DEPLOYMENT_TARGET = 11.2;
				MTL_ENABLE_DEBUG_INFO = NO;
				SDKROOT = iphoneos;
				SWIFT_OPTIMIZATION_LEVEL = "-Owholemodule";
				VALIDATE_PRODUCT = YES;
			};
			name = Release;
		};
		020CC7FF207BB3B30021708F /* Debug */ = {
			isa = XCBuildConfiguration;
			buildSettings = {
				ASSETCATALOG_COMPILER_APPICON_NAME = AppIcon;
				CODE_SIGN_STYLE = Automatic;
				INFOPLIST_FILE = Mult/Info.plist;
				LD_RUNPATH_SEARCH_PATHS = "$(inherited) @executable_path/Frameworks";
				PRODUCT_BUNDLE_IDENTIFIER = com.cindyroyal.Mult;
				PRODUCT_NAME = "$(TARGET_NAME)";
				SWIFT_VERSION = 4.0;
				TARGETED_DEVICE_FAMILY = "1,2";
			};
			name = Debug;
		};
		020CC800207BB3B30021708F /* Release */ = {
			isa = XCBuildConfiguration;
			buildSettings = {
				ASSETCATALOG_COMPILER_APPICON_NAME = AppIcon;
				CODE_SIGN_STYLE = Automatic;
				INFOPLIST_FILE = Mult/Info.plist;
				LD_RUNPATH_SEARCH_PATHS = "$(inherited) @executable_path/Frameworks";
				PRODUCT_BUNDLE_IDENTIFIER = com.cindyroyal.Mult;
				PRODUCT_NAME = "$(TARGET_NAME)";
				SWIFT_VERSION = 4.0;
				TARGETED_DEVICE_FAMILY = "1,2";
			};
			name = Release;
		};
		020CC802207BB3B30021708F /* Debug */ = {
			isa = XCBuildConfiguration;
			buildSettings = {
				ALWAYS_EMBED_SWIFT_STANDARD_LIBRARIES = YES;
				BUNDLE_LOADER = "$(TEST_HOST)";
				CODE_SIGN_STYLE = Automatic;
				INFOPLIST_FILE = MultTests/Info.plist;
				LD_RUNPATH_SEARCH_PATHS = "$(inherited) @executable_path/Frameworks @loader_path/Frameworks";
				PRODUCT_BUNDLE_IDENTIFIER = com.cindyroyal.MultTests;
				PRODUCT_NAME = "$(TARGET_NAME)";
				SWIFT_VERSION = 4.0;
				TARGETED_DEVICE_FAMILY = "1,2";
				TEST_HOST = "$(BUILT_PRODUCTS_DIR)/Mult.app/Mult";
			};
			name = Debug;
		};
		020CC803207BB3B30021708F /* Release */ = {
			isa = XCBuildConfiguration;
			buildSettings = {
				ALWAYS_EMBED_SWIFT_STANDARD_LIBRARIES = YES;
				BUNDLE_LOADER = "$(TEST_HOST)";
				CODE_SIGN_STYLE = Automatic;
				INFOPLIST_FILE = MultTests/Info.plist;
				LD_RUNPATH_SEARCH_PATHS = "$(inherited) @executable_path/Frameworks @loader_path/Frameworks";
				PRODUCT_BUNDLE_IDENTIFIER = com.cindyroyal.MultTests;
				PRODUCT_NAME = "$(TARGET_NAME)";
				SWIFT_VERSION = 4.0;
				TARGETED_DEVICE_FAMILY = "1,2";
				TEST_HOST = "$(BUILT_PRODUCTS_DIR)/Mult.app/Mult";
			};
			name = Release;
		};
		020CC805207BB3B30021708F /* Debug */ = {
			isa = XCBuildConfiguration;
			buildSettings = {
				ALWAYS_EMBED_SWIFT_STANDARD_LIBRARIES = YES;
				CODE_SIGN_STYLE = Automatic;
				INFOPLIST_FILE = MultUITests/Info.plist;
				LD_RUNPATH_SEARCH_PATHS = "$(inherited) @executable_path/Frameworks @loader_path/Frameworks";
				PRODUCT_BUNDLE_IDENTIFIER = com.cindyroyal.MultUITests;
				PRODUCT_NAME = "$(TARGET_NAME)";
				SWIFT_VERSION = 4.0;
				TARGETED_DEVICE_FAMILY = "1,2";
				TEST_TARGET_NAME = Mult;
			};
			name = Debug;
		};
		020CC806207BB3B30021708F /* Release */ = {
			isa = XCBuildConfiguration;
			buildSettings = {
				ALWAYS_EMBED_SWIFT_STANDARD_LIBRARIES = YES;
				CODE_SIGN_STYLE = Automatic;
				INFOPLIST_FILE = MultUITests/Info.plist;
				LD_RUNPATH_SEARCH_PATHS = "$(inherited) @executable_path/Frameworks @loader_path/Frameworks";
				PRODUCT_BUNDLE_IDENTIFIER = com.cindyroyal.MultUITests;
				PRODUCT_NAME = "$(TARGET_NAME)";
				SWIFT_VERSION = 4.0;
				TARGETED_DEVICE_FAMILY = "1,2";
				TEST_TARGET_NAME = Mult;
			};
			name = Release;
		};
/* End XCBuildConfiguration section */

/* Begin XCConfigurationList section */
		020CC7D1207BB3B20021708F /* Build configuration list for PBXProject "Mult" */ = {
			isa = XCConfigurationList;
			buildConfigurations = (
				020CC7FC207BB3B30021708F /* Debug */,
				020CC7FD207BB3B30021708F /* Release */,
			);
			defaultConfigurationIsVisible = 0;
			defaultConfigurationName = Release;
		};
		020CC7FE207BB3B30021708F /* Build configuration list for PBXNativeTarget "Mult" */ = {
			isa = XCConfigurationList;
			buildConfigurations = (
				020CC7FF207BB3B30021708F /* Debug */,
				020CC800207BB3B30021708F /* Release */,
			);
			defaultConfigurationIsVisible = 0;
			defaultConfigurationName = Release;
		};
		020CC801207BB3B30021708F /* Build configuration list for PBXNativeTarget "MultTests" */ = {
			isa = XCConfigurationList;
			buildConfigurations = (
				020CC802207BB3B30021708F /* Debug */,
				020CC803207BB3B30021708F /* Release */,
			);
			defaultConfigurationIsVisible = 0;
			defaultConfigurationName = Release;
		};
		020CC804207BB3B30021708F /* Build configuration list for PBXNativeTarget "MultUITests" */ = {
			isa = XCConfigurationList;
			buildConfigurations = (
				020CC805207BB3B30021708F /* Debug */,
				020CC806207BB3B30021708F /* Release */,
			);
			defaultConfigurationIsVisible = 0;
			defaultConfigurationName = Release;
		};
/* End XCConfigurationList section */
	};
	rootObject = 020CC7CE207BB3B20021708F /* Project object */;
}
